
Microsoft Visual Studio Solution File, Format Version 12.00
# Visual Studio Version 17
VisualStudioVersion = 17.2.32505.173
MinimumVisualStudioVersion = 10.0.40219.1
Project("{9A19103F-16F7-4668-BE54-9A1E7A4F7556}") = "DataAccess", "DataAccess\DataAccess.csproj", "{EA4D494B-3D26-404B-8991-D9E352A4C9A6}"
EndProject
Project("{9A19103F-16F7-4668-BE54-9A1E7A4F7556}") = "Core", "Core\Core.csproj", "{10F2B34B-922E-4656-9A7A-B98AA9B89786}"
EndProject
Project("{9A19103F-16F7-4668-BE54-9A1E7A4F7556}") = "Service", "Service\Service.csproj", "{2C4731B4-7105-4C33-B3E2-94A1DD06236C}"
EndProject
Project("{9A19103F-16F7-4668-BE54-9A1E7A4F7556}") = "MVC", "MVC\MVC.csproj", "{325208B9-08F1-4556-BF69-56EDE267D37A}"
EndProject
Global
	GlobalSection(SolutionConfigurationPlatforms) = preSolution
		Debug|Any CPU = Debug|Any CPU
		Release|Any CPU = Release|Any CPU
	EndGlobalSection
	GlobalSection(ProjectConfigurationPlatforms) = postSolution
		{EA4D494B-3D26-404B-8991-D9E352A4C9A6}.Debug|Any CPU.ActiveCfg = Debug|Any CPU
		{EA4D494B-3D26-404B-8991-D9E352A4C9A6}.Debug|Any CPU.Build.0 = Debug|Any CPU
		{EA4D494B-3D26-404B-8991-D9E352A4C9A6}.Release|Any CPU.ActiveCfg = Release|Any CPU
		{EA4D494B-3D26-404B-8991-D9E352A4C9A6}.Release|Any CPU.Build.0 = Release|Any CPU
		{10F2B34B-922E-4656-9A7A-B98AA9B89786}.Debug|Any CPU.ActiveCfg = Debug|Any CPU
		{10F2B34B-922E-4656-9A7A-B98AA9B89786}.Debug|Any CPU.Build.0 = Debug|Any CPU
		{10F2B34B-922E-4656-9A7A-B98AA9B89786}.Release|Any CPU.ActiveCfg = Release|Any CPU
		{10F2B34B-922E-4656-9A7A-B98AA9B89786}.Release|Any CPU.Build.0 = Release|Any CPU
		{2C4731B4-7105-4C33-B3E2-94A1DD06236C}.Debug|Any CPU.ActiveCfg = Debug|Any CPU
		{2C4731B4-7105-4C33-B3E2-94A1DD06236C}.Debug|Any CPU.Build.0 = Debug|Any CPU
		{2C4731B4-7105-4C33-B3E2-94A1DD06236C}.Release|Any CPU.ActiveCfg = Release|Any CPU
		{2C4731B4-7105-4C33-B3E2-94A1DD06236C}.Release|Any CPU.Build.0 = Release|Any CPU
		{325208B9-08F1-4556-BF69-56EDE267D37A}.Debug|Any CPU.ActiveCfg = Debug|Any CPU
		{325208B9-08F1-4556-BF69-56EDE267D37A}.Debug|Any CPU.Build.0 = Debug|Any CPU
		{325208B9-08F1-4556-BF69-56EDE267D37A}.Release|Any CPU.ActiveCfg = Release|Any CPU
		{325208B9-08F1-4556-BF69-56EDE267D37A}.Release|Any CPU.Build.0 = Release|Any CPU
	EndGlobalSection
	GlobalSection(SolutionProperties) = preSolution
		HideSolutionNode = FALSE
	EndGlobalSection
	GlobalSection(ExtensibilityGlobals) = postSolution
		SolutionGuid = {45BDF286-965A-462F-AFDB-2AAE71BA937D}
	EndGlobalSection
EndGlobal
